
Microsoft Visual Studio Solution File, Format Version 11.00
# Visual Studio 2010
Project("{FAE04EC0-301F-11D3-BF4B-00C04F79EFBC}") = "Tuincentrum", "Tuincentrum\Tuincentrum.csproj", "{BA3C76D1-2AC1-47C7-91CB-DAE3D5C31777}"
EndProject
Project("{FAE04EC0-301F-11D3-BF4B-00C04F79EFBC}") = "TuincentrumBase", "TuincentrumBase\TuincentrumBase.csproj", "{61B27A7E-326B-4E69-821D-C1AAA18F4EBC}"
EndProject
Global
	GlobalSection(SolutionConfigurationPlatforms) = preSolution
		Debug|Any CPU = Debug|Any CPU
		Debug|Mixed Platforms = Debug|Mixed Platforms
		Debug|x86 = Debug|x86
		Release|Any CPU = Release|Any CPU
		Release|Mixed Platforms = Release|Mixed Platforms
		Release|x86 = Release|x86
	EndGlobalSection
	GlobalSection(ProjectConfigurationPlatforms) = postSolution
		{BA3C76D1-2AC1-47C7-91CB-DAE3D5C31777}.Debug|Any CPU.ActiveCfg = Debug|x86
		{BA3C76D1-2AC1-47C7-91CB-DAE3D5C31777}.Debug|Mixed Platforms.ActiveCfg = Debug|x86
		{BA3C76D1-2AC1-47C7-91CB-DAE3D5C31777}.Debug|Mixed Platforms.Build.0 = Debug|x86
		{BA3C76D1-2AC1-47C7-91CB-DAE3D5C31777}.Debug|x86.ActiveCfg = Debug|x86
		{BA3C76D1-2AC1-47C7-91CB-DAE3D5C31777}.Debug|x86.Build.0 = Debug|x86
		{BA3C76D1-2AC1-47C7-91CB-DAE3D5C31777}.Release|Any CPU.ActiveCfg = Release|x86
		{BA3C76D1-2AC1-47C7-91CB-DAE3D5C31777}.Release|Mixed Platforms.ActiveCfg = Release|x86
		{BA3C76D1-2AC1-47C7-91CB-DAE3D5C31777}.Release|Mixed Platforms.Build.0 = Release|x86
		{BA3C76D1-2AC1-47C7-91CB-DAE3D5C31777}.Release|x86.ActiveCfg = Release|x86
		{BA3C76D1-2AC1-47C7-91CB-DAE3D5C31777}.Release|x86.Build.0 = Release|x86
		{61B27A7E-326B-4E69-821D-C1AAA18F4EBC}.Debug|Any CPU.ActiveCfg = Debug|Any CPU
		{61B27A7E-326B-4E69-821D-C1AAA18F4EBC}.Debug|Any CPU.Build.0 = Debug|Any CPU
		{61B27A7E-326B-4E69-821D-C1AAA18F4EBC}.Debug|Mixed Platforms.ActiveCfg = Debug|Any CPU
		{61B27A7E-326B-4E69-821D-C1AAA18F4EBC}.Debug|Mixed Platforms.Build.0 = Debug|Any CPU
		{61B27A7E-326B-4E69-821D-C1AAA18F4EBC}.Debug|x86.ActiveCfg = Debug|Any CPU
		{61B27A7E-326B-4E69-821D-C1AAA18F4EBC}.Release|Any CPU.ActiveCfg = Release|Any CPU
		{61B27A7E-326B-4E69-821D-C1AAA18F4EBC}.Release|Any CPU.Build.0 = Release|Any CPU
		{61B27A7E-326B-4E69-821D-C1AAA18F4EBC}.Release|Mixed Platforms.ActiveCfg = Release|Any CPU
		{61B27A7E-326B-4E69-821D-C1AAA18F4EBC}.Release|Mixed Platforms.Build.0 = Release|Any CPU
		{61B27A7E-326B-4E69-821D-C1AAA18F4EBC}.Release|x86.ActiveCfg = Release|Any CPU
	EndGlobalSection
	GlobalSection(SolutionProperties) = preSolution
		HideSolutionNode = FALSE
	EndGlobalSection
EndGlobal
